
Microsoft Visual Studio Solution File, Format Version 12.00
# Visual Studio 2012
Project("{FAE04EC0-301F-11D3-BF4B-00C04F79EFBC}") = "SampleDomain", "SampleDomain\SampleDomain.csproj", "{CFBCB309-DE6C-44B8-B428-82D834BD2225}"
EndProject
Project("{FAE04EC0-301F-11D3-BF4B-00C04F79EFBC}") = "SampleDomain.Tests", "SampleDomain.Tests\SampleDomain.Tests.csproj", "{318FD78A-AE1E-4E68-ACAA-372CD383C1E4}"
EndProject
Project("{FAE04EC0-301F-11D3-BF4B-00C04F79EFBC}") = "SimplyTestData", "SimplyTestData\SimplyTestData.csproj", "{FB8EB77C-5C2F-446F-8B41-A31BDFB8080F}"
EndProject
Project("{FAE04EC0-301F-11D3-BF4B-00C04F79EFBC}") = "SimplyTestData.UnitTests", "SimplyTestData.UnitTests\SimplyTestData.UnitTests.csproj", "{BAFA5125-0C9C-4280-A268-F2EC1306BD38}"
EndProject
Project("{FAE04EC0-301F-11D3-BF4B-00C04F79EFBC}") = "GettingStarted", "GettingStarted\GettingStarted.csproj", "{2A2C4FB9-3F53-4097-A071-7B5DA5332EFA}"
EndProject
Global
	GlobalSection(SolutionConfigurationPlatforms) = preSolution
		Debug|x86 = Debug|x86
		Release|x86 = Release|x86
	EndGlobalSection
	GlobalSection(ProjectConfigurationPlatforms) = postSolution
		{2A2C4FB9-3F53-4097-A071-7B5DA5332EFA}.Debug|x86.ActiveCfg = Debug|x86
		{2A2C4FB9-3F53-4097-A071-7B5DA5332EFA}.Debug|x86.Build.0 = Debug|x86
		{2A2C4FB9-3F53-4097-A071-7B5DA5332EFA}.Release|x86.ActiveCfg = Release|x86
		{2A2C4FB9-3F53-4097-A071-7B5DA5332EFA}.Release|x86.Build.0 = Release|x86
		{318FD78A-AE1E-4E68-ACAA-372CD383C1E4}.Debug|x86.ActiveCfg = Debug|x86
		{318FD78A-AE1E-4E68-ACAA-372CD383C1E4}.Debug|x86.Build.0 = Debug|x86
		{318FD78A-AE1E-4E68-ACAA-372CD383C1E4}.Release|x86.ActiveCfg = Release|x86
		{318FD78A-AE1E-4E68-ACAA-372CD383C1E4}.Release|x86.Build.0 = Release|x86
		{BAFA5125-0C9C-4280-A268-F2EC1306BD38}.Debug|x86.ActiveCfg = Debug|x86
		{BAFA5125-0C9C-4280-A268-F2EC1306BD38}.Debug|x86.Build.0 = Debug|x86
		{BAFA5125-0C9C-4280-A268-F2EC1306BD38}.Release|x86.ActiveCfg = Release|x86
		{BAFA5125-0C9C-4280-A268-F2EC1306BD38}.Release|x86.Build.0 = Release|x86
		{CFBCB309-DE6C-44B8-B428-82D834BD2225}.Debug|x86.ActiveCfg = Debug|x86
		{CFBCB309-DE6C-44B8-B428-82D834BD2225}.Debug|x86.Build.0 = Debug|x86
		{CFBCB309-DE6C-44B8-B428-82D834BD2225}.Release|x86.ActiveCfg = Release|x86
		{CFBCB309-DE6C-44B8-B428-82D834BD2225}.Release|x86.Build.0 = Release|x86
		{FB8EB77C-5C2F-446F-8B41-A31BDFB8080F}.Debug|x86.ActiveCfg = Debug|x86
		{FB8EB77C-5C2F-446F-8B41-A31BDFB8080F}.Debug|x86.Build.0 = Debug|x86
		{FB8EB77C-5C2F-446F-8B41-A31BDFB8080F}.Release|x86.ActiveCfg = Release|x86
		{FB8EB77C-5C2F-446F-8B41-A31BDFB8080F}.Release|x86.Build.0 = Release|x86
	EndGlobalSection
	GlobalSection(SolutionProperties) = preSolution
		HideSolutionNode = FALSE
	EndGlobalSection
EndGlobal
