
Microsoft Visual Studio Solution File, Format Version 12.00
# Visual Studio 2012
Project("{FAE04EC0-301F-11D3-BF4B-00C04F79EFBC}") = "SampleDomain", "SampleDomain\SampleDomain.csproj", "{CFBCB309-DE6C-44B8-B428-82D834BD2225}"
EndProject
Project("{FAE04EC0-301F-11D3-BF4B-00C04F79EFBC}") = "SampleDomain.Tests", "SampleDomain.Tests\SampleDomain.Tests.csproj", "{318FD78A-AE1E-4E68-ACAA-372CD383C1E4}"
EndProject
Project("{FAE04EC0-301F-11D3-BF4B-00C04F79EFBC}") = "SimplyTestData", "SimplyTestData\SimplyTestData.csproj", "{FB8EB77C-5C2F-446F-8B41-A31BDFB8080F}"
EndProject
Project("{FAE04EC0-301F-11D3-BF4B-00C04F79EFBC}") = "SimplyTestData.UnitTests", "SimplyTestData.UnitTests\SimplyTestData.UnitTests.csproj", "{BAFA5125-0C9C-4280-A268-F2EC1306BD38}"
EndProject
Project("{FAE04EC0-301F-11D3-BF4B-00C04F79EFBC}") = "GettingStarted", "GettingStarted\GettingStarted.csproj", "{2A2C4FB9-3F53-4097-A071-7B5DA5332EFA}"
EndProject
Project("{2150E333-8FDC-42A3-9474-1A3956D46DE8}") = ".nuget", ".nuget", "{879B93D3-FE69-40E8-B587-CF2633A761E3}"
	ProjectSection(SolutionItems) = preProject
		.nuget\NuGet.Config = .nuget\NuGet.Config
		.nuget\NuGet.exe = .nuget\NuGet.exe
		.nuget\NuGet.targets = .nuget\NuGet.targets
	EndProjectSection
EndProject
Global
	GlobalSection(SolutionConfigurationPlatforms) = preSolution
		Debug|Any CPU = Debug|Any CPU
		Release|Any CPU = Release|Any CPU
	EndGlobalSection
	GlobalSection(ProjectConfigurationPlatforms) = postSolution
		{2A2C4FB9-3F53-4097-A071-7B5DA5332EFA}.Debug|Any CPU.ActiveCfg = Debug|Any CPU
		{2A2C4FB9-3F53-4097-A071-7B5DA5332EFA}.Debug|Any CPU.Build.0 = Debug|Any CPU
		{2A2C4FB9-3F53-4097-A071-7B5DA5332EFA}.Release|Any CPU.ActiveCfg = Release|Any CPU
		{2A2C4FB9-3F53-4097-A071-7B5DA5332EFA}.Release|Any CPU.Build.0 = Release|Any CPU
		{318FD78A-AE1E-4E68-ACAA-372CD383C1E4}.Debug|Any CPU.ActiveCfg = Debug|Any CPU
		{318FD78A-AE1E-4E68-ACAA-372CD383C1E4}.Debug|Any CPU.Build.0 = Debug|Any CPU
		{318FD78A-AE1E-4E68-ACAA-372CD383C1E4}.Release|Any CPU.ActiveCfg = Release|Any CPU
		{318FD78A-AE1E-4E68-ACAA-372CD383C1E4}.Release|Any CPU.Build.0 = Release|Any CPU
		{BAFA5125-0C9C-4280-A268-F2EC1306BD38}.Debug|Any CPU.ActiveCfg = Debug|Any CPU
		{BAFA5125-0C9C-4280-A268-F2EC1306BD38}.Debug|Any CPU.Build.0 = Debug|Any CPU
		{BAFA5125-0C9C-4280-A268-F2EC1306BD38}.Release|Any CPU.ActiveCfg = Release|Any CPU
		{BAFA5125-0C9C-4280-A268-F2EC1306BD38}.Release|Any CPU.Build.0 = Release|Any CPU
		{CFBCB309-DE6C-44B8-B428-82D834BD2225}.Debug|Any CPU.ActiveCfg = Debug|Any CPU
		{CFBCB309-DE6C-44B8-B428-82D834BD2225}.Debug|Any CPU.Build.0 = Debug|Any CPU
		{CFBCB309-DE6C-44B8-B428-82D834BD2225}.Release|Any CPU.ActiveCfg = Release|Any CPU
		{CFBCB309-DE6C-44B8-B428-82D834BD2225}.Release|Any CPU.Build.0 = Release|Any CPU
		{FB8EB77C-5C2F-446F-8B41-A31BDFB8080F}.Debug|Any CPU.ActiveCfg = Debug|Any CPU
		{FB8EB77C-5C2F-446F-8B41-A31BDFB8080F}.Debug|Any CPU.Build.0 = Debug|Any CPU
		{FB8EB77C-5C2F-446F-8B41-A31BDFB8080F}.Release|Any CPU.ActiveCfg = Release|Any CPU
		{FB8EB77C-5C2F-446F-8B41-A31BDFB8080F}.Release|Any CPU.Build.0 = Release|Any CPU
	EndGlobalSection
	GlobalSection(SolutionProperties) = preSolution
		HideSolutionNode = FALSE
	EndGlobalSection
EndGlobal
